# THIS IS AN AUTOGENERATED FILE. DO NOT EDIT THIS FILE DIRECTLY.
# yarn lockfile v1


cidr-regex@4.0.2:
  version "4.0.2"
  resolved "https://registry.yarnpkg.com/cidr-regex/-/cidr-regex-4.0.2.tgz#ca8216d1761eed0bd9c4f5e8740f2d7363dd05bb"
  integrity sha512-xvqVyyE8emYjipWVxsA+Vcsbt8TbJJsTHbOeMMA5qsmXUu5VZJzNBGwI4rr1IZ0FQI2z7bfry4NNACP5Cf67CA==
  dependencies:
    ip-regex "^5.0.0"

cidr-tools@^5.1.4:
  version "5.1.4"
  resolved "https://registry.yarnpkg.com/cidr-tools/-/cidr-tools-5.1.4.tgz#db06f75e074c14ac3c9debb8fe25450fde77722d"
  integrity sha512-B/bAEkLqIKjPq24m4htyDClMd+SODEOPEbqiA5mC3HoJsq+QAJfPJCd7ajhecE3fGY26dxj8AxAvNyFFZlPa/Q==
  dependencies:
    cidr-regex "4.0.2"
    ip-bigint "6.0.0"
    ip-regex "5.0.0"
    string-natural-compare "3.0.1"

commander@^10.0.1:
  version "10.0.1"
  resolved "https://registry.yarnpkg.com/commander/-/commander-10.0.1.tgz#881ee46b4f77d1c1dccc5823433aa39b022cbe06"
  integrity sha512-y4Mg2tXshplEbSGzx7amzPwKKOCGuoSRP/CjEdwwk0FOGlUbq6lKuoyDZTNZkmxHdJtp54hdfY/JUrdL7Xfdug==

data-uri-to-buffer@^4.0.0:
  version "4.0.1"
  resolved "https://registry.yarnpkg.com/data-uri-to-buffer/-/data-uri-to-buffer-4.0.1.tgz#d8feb2b2881e6a4f58c2e08acfd0e2834e26222e"
  integrity sha512-0R9ikRb668HB7QDxT1vkpuUBtqc53YyAwMwGeUFKRojY/NWKvdZ+9UYtRfGmhqNbRkTSVpMbmyhXipFFv2cb/A==

fetch-blob@^3.1.2, fetch-blob@^3.1.4:
  version "3.2.0"
  resolved "https://registry.yarnpkg.com/fetch-blob/-/fetch-blob-3.2.0.tgz#f09b8d4bbd45adc6f0c20b7e787e793e309dcce9"
  integrity sha512-7yAQpD2UMJzLi1Dqv7qFYnPbaPx7ZfFK6PiIxQ4PfkGPyNyl2Ugx+a/umUonmKqjhM4DnfbMvdX6otXq83soQQ==
  dependencies:
    node-domexception "^1.0.0"
    web-streams-polyfill "^3.0.3"

formdata-polyfill@^4.0.10:
  version "4.0.10"
  resolved "https://registry.yarnpkg.com/formdata-polyfill/-/formdata-polyfill-4.0.10.tgz#24807c31c9d402e002ab3d8c720144ceb8848423"
  integrity sha512-buewHzMvYL29jdeQTVILecSaZKnt/RJWjoZCF5OW60Z67/GmSLBkOFM7qh1PI3zFNtJbaZL5eQu1vLfazOwj4g==
  dependencies:
    fetch-blob "^3.1.2"

ip-bigint@6.0.0:
  version "6.0.0"
  resolved "https://registry.yarnpkg.com/ip-bigint/-/ip-bigint-6.0.0.tgz#e0d673f8b460b9a21ff1f29d3bfe4a1743aad7ce"
  integrity sha512-68+9IteBghKVV49Aqw9Q5qnz4nF4wy1y63iN+DQSeJU75nO/NASEBFEg+mgfEK96p2m8yNWaFod4jP01pHObiw==

ip-regex@5.0.0, ip-regex@^5.0.0:
  version "5.0.0"
  resolved "https://registry.yarnpkg.com/ip-regex/-/ip-regex-5.0.0.tgz#cd313b2ae9c80c07bd3851e12bf4fa4dc5480632"
  integrity sha512-fOCG6lhoKKakwv+C6KdsOnGvgXnmgfmp0myi3bcNwj3qfwPAxRKWEuFhvEFF7ceYIz6+1jRZ+yguLFAmUNPEfw==

lodash@^4.17.21:
  version "4.17.21"
  resolved "https://registry.yarnpkg.com/lodash/-/lodash-4.17.21.tgz#679591c564c3bffaae8454cf0b3df370c3d6911c"
  integrity sha512-v2kDEe57lecTulaDIuNTPy3Ry4gLGJ6Z1O3vE1krgXZNrsQ+LFTGHVxVjcXPs17LhbZVGedAJv8XZ1tvj5FvSg==

node-domexception@^1.0.0:
  version "1.0.0"
  resolved "https://registry.yarnpkg.com/node-domexception/-/node-domexception-1.0.0.tgz#6888db46a1f71c0b76b3f7555016b63fe64766e5"
  integrity sha512-/jKZoMpw0F8GRwl4/eLROPA3cfcXtLApP0QzLmUT/HuPCZWyB7IY9ZrMeKw2O/nFIqPQB3PVM9aYm0F312AXDQ==

node-fetch@^3.3.1:
  version "3.3.1"
  resolved "https://registry.yarnpkg.com/node-fetch/-/node-fetch-3.3.1.tgz#b3eea7b54b3a48020e46f4f88b9c5a7430d20b2e"
  integrity sha512-cRVc/kyto/7E5shrWca1Wsea4y6tL9iYJE5FBCius3JQfb/4P4I295PfhgbJQBLTx6lATE4z+wK0rPM4VS2uow==
  dependencies:
    data-uri-to-buffer "^4.0.0"
    fetch-blob "^3.1.4"
    formdata-polyfill "^4.0.10"

string-natural-compare@3.0.1:
  version "3.0.1"
  resolved "https://registry.yarnpkg.com/string-natural-compare/-/string-natural-compare-3.0.1.tgz#7a42d58474454963759e8e8b7ae63d71c1e7fdf4"
  integrity sha512-n3sPwynL1nwKi3WJ6AIsClwBMa0zTi54fn2oLU6ndfTSIO05xaznjSf15PcBZU6FNWbmN5Q6cxT4V5hGvB4taw==

web-streams-polyfill@^3.0.3:
  version "3.2.1"
  resolved "https://registry.yarnpkg.com/web-streams-polyfill/-/web-streams-polyfill-3.2.1.tgz#71c2718c52b45fd49dbeee88634b3a60ceab42a6"
  integrity sha512-e0MO3wdXWKrLbL0DgGnUV7WHVuw9OUvL4hjgnPkIeEvESk74gAITi5G606JtZPp39cd8HA9VQzCIvA49LpPN5Q==
